<?xml version="1.0" encoding="utf-8"?>
<Project ToolsVersion="4.0" xmlns="http://schemas.microsoft.com/developer/msbuild/2003">
  <ItemGroup>
    <Filter Include="ソース ファイル">
      <UniqueIdentifier>{4FC737F1-C7A5-4376-A066-2A32D752A2FF}</UniqueIdentifier>
      <Extensions>cpp;c;cc;cxx;def;odl;idl;hpj;bat;asm;asmx</Extensions>
    </Filter>
    <Filter Include="ヘッダー ファイル">
      <UniqueIdentifier>{93995380-89BD-4b04-88EB-625FBE52EBFB}</UniqueIdentifier>
      <Extensions>h;hh;hpp;hxx;hm;inl;inc;ipp;xsd</Extensions>
    </Filter>
    <Filter Include="配布ソースファイル">
      <UniqueIdentifier>{9e6df6a8-98be-4359-a1f9-ad114d811bb3}</UniqueIdentifier>
    </Filter>
  </ItemGroup>
  <ItemGroup>
    <ClCompile Include="main.cpp">
      <Filter>ソース ファイル</Filter>
    </ClCompile>
    <ClCompile Include="polygon.cpp">
      <Filter>ソース ファイル</Filter>
    </ClCompile>
    <ClCompile Include="bg.cpp">
      <Filter>ソース ファイル</Filter>
    </ClCompile>
    <ClCompile Include="player.cpp">
      <Filter>ソース ファイル</Filter>
    </ClCompile>
    <ClCompile Include="enemy.cpp">
      <Filter>ソース ファイル</Filter>
    </ClCompile>
    <ClCompile Include="bullet.cpp">
      <Filter>ソース ファイル</Filter>
    </ClCompile>
    <ClCompile Include="collision.cpp">
      <Filter>ソース ファイル</Filter>
    </ClCompile>
    <ClCompile Include="explosion.cpp">
      <Filter>ソース ファイル</Filter>
    </ClCompile>
    <ClCompile Include="game.cpp">
      <Filter>ソース ファイル</Filter>
    </ClCompile>
    <ClCompile Include="title.cpp">
      <Filter>ソース ファイル</Filter>
    </ClCompile>
    <ClCompile Include="result.cpp">
      <Filter>ソース ファイル</Filter>
    </ClCompile>
    <ClCompile Include="sound.cpp">
      <Filter>配布ソースファイル</Filter>
    </ClCompile>
    <ClCompile Include="sprite.cpp">
      <Filter>配布ソースファイル</Filter>
    </ClCompile>
    <ClCompile Include="texture.cpp">
      <Filter>配布ソースファイル</Filter>
    </ClCompile>
    <ClCompile Include="renderer.cpp">
      <Filter>配布ソースファイル</Filter>
    </ClCompile>
    <ClCompile Include="input.cpp">
      <Filter>配布ソースファイル</Filter>
    </ClCompile>
    <ClCompile Include="scene.cpp">
      <Filter>配布ソースファイル</Filter>
    </ClCompile>
    <ClCompile Include="bgtitle.cpp">
      <Filter>ソース ファイル</Filter>
    </ClCompile>
    <ClCompile Include="bgresult.cpp">
      <Filter>ソース ファイル</Filter>
    </ClCompile>
    <ClCompile Include="score.cpp">
      <Filter>ソース ファイル</Filter>
    </ClCompile>
    <ClCompile Include="scoretext.cpp">
      <Filter>ソース ファイル</Filter>
    </ClCompile>
    <ClCompile Include="time.cpp">
      <Filter>ソース ファイル</Filter>
    </ClCompile>
    <ClCompile Include="timetext.cpp">
      <Filter>ソース ファイル</Filter>
    </ClCompile>
    <ClCompile Include="titletext.cpp">
      <Filter>ソース ファイル</Filter>
    </ClCompile>
    <ClCompile Include="resulttext.cpp">
      <Filter>ソース ファイル</Filter>
    </ClCompile>
    <ClCompile Include="remaining.cpp">
      <Filter>ソース ファイル</Filter>
    </ClCompile>
    <ClCompile Include="remainingtext.cpp">
      <Filter>ソース ファイル</Filter>
    </ClCompile>
  </ItemGroup>
  <ItemGroup>
    <ClInclude Include="title.h">
      <Filter>ソース ファイル</Filter>
    </ClInclude>
    <ClInclude Include="bg.h">
      <Filter>ソース ファイル</Filter>
    </ClInclude>
    <ClInclude Include="bullet.h">
      <Filter>ソース ファイル</Filter>
    </ClInclude>
    <ClInclude Include="collision.h">
      <Filter>ソース ファイル</Filter>
    </ClInclude>
    <ClInclude Include="enemy.h">
      <Filter>ソース ファイル</Filter>
    </ClInclude>
    <ClInclude Include="explosion.h">
      <Filter>ソース ファイル</Filter>
    </ClInclude>
    <ClInclude Include="game.h">
      <Filter>ソース ファイル</Filter>
    </ClInclude>
    <ClInclude Include="main.h">
      <Filter>ソース ファイル</Filter>
    </ClInclude>
    <ClInclude Include="player.h">
      <Filter>ソース ファイル</Filter>
    </ClInclude>
    <ClInclude Include="polygon.h">
      <Filter>ソース ファイル</Filter>
    </ClInclude>
    <ClInclude Include="result.h">
      <Filter>ソース ファイル</Filter>
    </ClInclude>
    <ClInclude Include="texture.h">
      <Filter>配布ソースファイル</Filter>
    </ClInclude>
    <ClInclude Include="sound.h">
      <Filter>配布ソースファイル</Filter>
    </ClInclude>
    <ClInclude Include="sprite.h">
      <Filter>配布ソースファイル</Filter>
    </ClInclude>
    <ClInclude Include="renderer.h">
      <Filter>配布ソースファイル</Filter>
    </ClInclude>
    <ClInclude Include="input.h">
      <Filter>配布ソースファイル</Filter>
    </ClInclude>
    <ClInclude Include="scene.h">
      <Filter>配布ソースファイル</Filter>
    </ClInclude>
    <ClInclude Include="bgtitle.h">
      <Filter>ソース ファイル</Filter>
    </ClInclude>
    <ClInclude Include="bgresult.h">
      <Filter>ソース ファイル</Filter>
    </ClInclude>
    <ClInclude Include="score.h">
      <Filter>ソース ファイル</Filter>
    </ClInclude>
    <ClInclude Include="scoretext.h">
      <Filter>ソース ファイル</Filter>
    </ClInclude>
    <ClInclude Include="time.h">
      <Filter>ソース ファイル</Filter>
    </ClInclude>
    <ClInclude Include="timetext.h">
      <Filter>ソース ファイル</Filter>
    </ClInclude>
    <ClInclude Include="titletext.h">
      <Filter>ソース ファイル</Filter>
    </ClInclude>
    <ClInclude Include="resulttext.h">
      <Filter>ソース ファイル</Filter>
    </ClInclude>
    <ClInclude Include="remaining.h">
      <Filter>ソース ファイル</Filter>
    </ClInclude>
    <ClInclude Include="remainingtext.h">
      <Filter>ソース ファイル</Filter>
    </ClInclude>
  </ItemGroup>
</Project>