<?xml version="1.0" encoding="utf-8"?>
<Project ToolsVersion="4.0" xmlns="http://schemas.microsoft.com/developer/msbuild/2003">
  <ItemGroup>
    <ClCompile Include="all_enemy_management.cpp">
      <Filter>29_Enemy</Filter>
    </ClCompile>
    <ClCompile Include="enemy_attack.cpp">
      <Filter>29_Enemy</Filter>
    </ClCompile>
    <ClCompile Include="enemy_barrier.cpp">
      <Filter>29_Enemy</Filter>
    </ClCompile>
    <ClCompile Include="enemy_gatoring.cpp">
      <Filter>29_Enemy</Filter>
    </ClCompile>
    <ClCompile Include="enemy_grenade.cpp">
      <Filter>29_Enemy</Filter>
    </ClCompile>
    <ClCompile Include="enemy_icerain.cpp">
      <Filter>29_Enemy</Filter>
    </ClCompile>
    <ClCompile Include="enemy_laser.cpp">
      <Filter>29_Enemy</Filter>
    </ClCompile>
    <ClCompile Include="enemy_normal.cpp">
      <Filter>29_Enemy</Filter>
    </ClCompile>
    <ClCompile Include="enemy_public.cpp">
      <Filter>29_Enemy</Filter>
    </ClCompile>
    <ClCompile Include="enemy_stop.cpp">
      <Filter>29_Enemy</Filter>
    </ClCompile>
    <ClCompile Include="management.cpp">
      <Filter>29_Enemy</Filter>
    </ClCompile>
    <ClCompile Include="management_enemy.cpp">
      <Filter>29_Enemy</Filter>
    </ClCompile>
    <ClCompile Include="management_enemy_attack.cpp">
      <Filter>29_Enemy</Filter>
    </ClCompile>
    <ClCompile Include="management_enemy_barrier.cpp">
      <Filter>29_Enemy</Filter>
    </ClCompile>
    <ClCompile Include="management_enemy_gatoring.cpp">
      <Filter>29_Enemy</Filter>
    </ClCompile>
    <ClCompile Include="management_enemy_grenade.cpp">
      <Filter>29_Enemy</Filter>
    </ClCompile>
    <ClCompile Include="management_enemy_icerain.cpp">
      <Filter>29_Enemy</Filter>
    </ClCompile>
    <ClCompile Include="management_enemy_laser.cpp">
      <Filter>29_Enemy</Filter>
    </ClCompile>
    <ClCompile Include="management_enemy_megumin.cpp">
      <Filter>29_Enemy</Filter>
    </ClCompile>
    <ClCompile Include="management_enemy_missile.cpp">
      <Filter>29_Enemy</Filter>
    </ClCompile>
    <ClCompile Include="management_enemy_normal.cpp">
      <Filter>29_Enemy</Filter>
    </ClCompile>
    <ClCompile Include="management_enemy_public.cpp">
      <Filter>29_Enemy</Filter>
    </ClCompile>
    <ClCompile Include="management_enemy_stop.cpp">
      <Filter>29_Enemy</Filter>
    </ClCompile>
    <ClCompile Include="management_explosion.cpp">
      <Filter>29_Enemy</Filter>
    </ClCompile>
    <ClCompile Include="management_item.cpp">
      <Filter>29_Enemy</Filter>
    </ClCompile>
    <ClCompile Include="management_meteo.cpp">
      <Filter>29_Enemy</Filter>
    </ClCompile>
    <ClCompile Include="stage_saturn.cpp">
      <Filter>05_Saturn</Filter>
    </ClCompile>
    <ClCompile Include="stage_mercury.cpp">
      <Filter>04_Mercury</Filter>
    </ClCompile>
    <ClCompile Include="stage_mars.cpp">
      <Filter>03_Mars</Filter>
    </ClCompile>
    <ClCompile Include="game.cpp">
      <Filter>02_Moon</Filter>
    </ClCompile>
    <ClCompile Include="title.cpp">
      <Filter>01_Title</Filter>
    </ClCompile>
    <ClCompile Include="title_score.cpp">
      <Filter>01_Title</Filter>
    </ClCompile>
    <ClCompile Include="result.cpp">
      <Filter>20_Result</Filter>
    </ClCompile>
    <ClCompile Include="text_management.cpp">
      <Filter>02_Moon</Filter>
    </ClCompile>
    <ClCompile Include="stage_select.cpp">
      <Filter>01_Title</Filter>
    </ClCompile>
    <ClCompile Include="stage_select_mars.cpp">
      <Filter>01_Title</Filter>
    </ClCompile>
    <ClCompile Include="stage_select_planet.cpp">
      <Filter>01_Title</Filter>
    </ClCompile>
    <ClCompile Include="stage_select_planet_make.cpp">
      <Filter>01_Title</Filter>
    </ClCompile>
    <ClCompile Include="renderer.cpp">
      <Filter>30_Multi</Filter>
    </ClCompile>
    <ClCompile Include="scene.cpp">
      <Filter>30_Multi</Filter>
    </ClCompile>
    <ClCompile Include="score.cpp">
      <Filter>30_Multi</Filter>
    </ClCompile>
    <ClCompile Include="screen_out.cpp">
      <Filter>30_Multi</Filter>
    </ClCompile>
    <ClCompile Include="sound.cpp">
      <Filter>30_Multi</Filter>
    </ClCompile>
    <ClCompile Include="sprite.cpp">
      <Filter>30_Multi</Filter>
    </ClCompile>
    <ClCompile Include="texture.cpp">
      <Filter>30_Multi</Filter>
    </ClCompile>
    <ClCompile Include="texture_useful.cpp">
      <Filter>30_Multi</Filter>
    </ClCompile>
    <ClCompile Include="ui.cpp">
      <Filter>30_Multi</Filter>
    </ClCompile>
    <ClCompile Include="draw_object.cpp">
      <Filter>30_Multi</Filter>
    </ClCompile>
    <ClCompile Include="explosion.cpp">
      <Filter>30_Multi</Filter>
    </ClCompile>
    <ClCompile Include="Fade.cpp">
      <Filter>30_Multi</Filter>
    </ClCompile>
    <ClCompile Include="game_object.cpp">
      <Filter>30_Multi</Filter>
    </ClCompile>
    <ClCompile Include="input.cpp">
      <Filter>30_Multi</Filter>
    </ClCompile>
    <ClCompile Include="inputx.cpp">
      <Filter>30_Multi</Filter>
    </ClCompile>
    <ClCompile Include="item_p.cpp">
      <Filter>30_Multi</Filter>
    </ClCompile>
    <ClCompile Include="keyboard.cpp">
      <Filter>30_Multi</Filter>
    </ClCompile>
    <ClCompile Include="mars_collision_all.cpp">
      <Filter>03_Mars</Filter>
    </ClCompile>
    <ClCompile Include="mars_gimmick.cpp">
      <Filter>03_Mars</Filter>
    </ClCompile>
    <ClCompile Include="player.cpp">
      <Filter>28_Player</Filter>
    </ClCompile>
    <ClCompile Include="player_arm_1.cpp">
      <Filter>28_Player</Filter>
    </ClCompile>
    <ClCompile Include="player_arm_2.cpp">
      <Filter>28_Player</Filter>
    </ClCompile>
    <ClCompile Include="player_arm_3.cpp">
      <Filter>28_Player</Filter>
    </ClCompile>
    <ClCompile Include="player_arm_barrier.cpp">
      <Filter>28_Player</Filter>
    </ClCompile>
    <ClCompile Include="player_arm_change.cpp">
      <Filter>28_Player</Filter>
    </ClCompile>
    <ClCompile Include="player_arm_grenade.cpp">
      <Filter>28_Player</Filter>
    </ClCompile>
    <ClCompile Include="player_arm_icerain.cpp">
      <Filter>28_Player</Filter>
    </ClCompile>
    <ClCompile Include="player_arm_stop.cpp">
      <Filter>28_Player</Filter>
    </ClCompile>
    <ClCompile Include="player_center.cpp">
      <Filter>28_Player</Filter>
    </ClCompile>
    <ClCompile Include="player_hp.cpp">
      <Filter>28_Player</Filter>
    </ClCompile>
    <ClCompile Include="player_left.cpp">
      <Filter>28_Player</Filter>
    </ClCompile>
    <ClCompile Include="player_right.cpp">
      <Filter>28_Player</Filter>
    </ClCompile>
    <ClCompile Include="bg.cpp">
      <Filter>30_Multi</Filter>
    </ClCompile>
    <ClCompile Include="bgplanet.cpp">
      <Filter>30_Multi</Filter>
    </ClCompile>
    <ClCompile Include="Bom.cpp">
      <Filter>30_Multi</Filter>
    </ClCompile>
    <ClCompile Include="collision.cpp">
      <Filter>30_Multi</Filter>
    </ClCompile>
    <ClCompile Include="meteo.cpp">
      <Filter>29_Enemy</Filter>
    </ClCompile>
    <ClCompile Include="number.cpp">
      <Filter>30_Multi</Filter>
    </ClCompile>
    <ClCompile Include="main.cpp">
      <Filter>30_Multi</Filter>
    </ClCompile>
    <ClCompile Include="collision_all.cpp">
      <Filter>02_Moon</Filter>
    </ClCompile>
    <ClCompile Include="stage_venus.cpp">
      <Filter>06_Venus</Filter>
    </ClCompile>
    <ClCompile Include="management_enemy_fireball.cpp">
      <Filter>29_Enemy</Filter>
    </ClCompile>
    <ClCompile Include="inh_stage.cpp">
      <Filter>30_Multi</Filter>
    </ClCompile>
    <ClCompile Include="inh_player_arm.cpp">
      <Filter>28_Player</Filter>
    </ClCompile>
    <ClCompile Include="inh_player_arm_both.cpp">
      <Filter>28_Player</Filter>
    </ClCompile>
    <ClCompile Include="inh_enemy.cpp">
      <Filter>29_Enemy</Filter>
    </ClCompile>
    <ClCompile Include="laser.cpp">
      <Filter>29_Enemy</Filter>
    </ClCompile>
    <ClCompile Include="boss.cpp">
      <Filter>29_Enemy</Filter>
    </ClCompile>
    <ClCompile Include="bullet.cpp">
      <Filter>29_Enemy</Filter>
    </ClCompile>
    <ClCompile Include="bullet_stop.cpp">
      <Filter>29_Enemy</Filter>
    </ClCompile>
    <ClCompile Include="management_poisonfield.cpp" />
    <ClCompile Include="poisonfield.cpp" />
  </ItemGroup>
  <ItemGroup>
    <ClInclude Include="all_enemy_management.h">
      <Filter>29_Enemy</Filter>
    </ClInclude>
    <ClInclude Include="enemy_attack.h">
      <Filter>29_Enemy</Filter>
    </ClInclude>
    <ClInclude Include="enemy_barrier.h">
      <Filter>29_Enemy</Filter>
    </ClInclude>
    <ClInclude Include="enemy_gatoring.h">
      <Filter>29_Enemy</Filter>
    </ClInclude>
    <ClInclude Include="enemy_grenade.h">
      <Filter>29_Enemy</Filter>
    </ClInclude>
    <ClInclude Include="enemy_icerain.h">
      <Filter>29_Enemy</Filter>
    </ClInclude>
    <ClInclude Include="enemy_laser.h">
      <Filter>29_Enemy</Filter>
    </ClInclude>
    <ClInclude Include="enemy_normal.h">
      <Filter>29_Enemy</Filter>
    </ClInclude>
    <ClInclude Include="enemy_public.h">
      <Filter>29_Enemy</Filter>
    </ClInclude>
    <ClInclude Include="enemy_stop.h">
      <Filter>29_Enemy</Filter>
    </ClInclude>
    <ClInclude Include="management.h">
      <Filter>29_Enemy</Filter>
    </ClInclude>
    <ClInclude Include="management_enemy.h">
      <Filter>29_Enemy</Filter>
    </ClInclude>
    <ClInclude Include="management_enemy_attack.h">
      <Filter>29_Enemy</Filter>
    </ClInclude>
    <ClInclude Include="management_enemy_barrier.h">
      <Filter>29_Enemy</Filter>
    </ClInclude>
    <ClInclude Include="management_enemy_gatoring.h">
      <Filter>29_Enemy</Filter>
    </ClInclude>
    <ClInclude Include="management_enemy_grenade.h">
      <Filter>29_Enemy</Filter>
    </ClInclude>
    <ClInclude Include="management_enemy_icerain.h">
      <Filter>29_Enemy</Filter>
    </ClInclude>
    <ClInclude Include="management_enemy_laser.h">
      <Filter>29_Enemy</Filter>
    </ClInclude>
    <ClInclude Include="management_enemy_megumin.h">
      <Filter>29_Enemy</Filter>
    </ClInclude>
    <ClInclude Include="management_enemy_missile.h">
      <Filter>29_Enemy</Filter>
    </ClInclude>
    <ClInclude Include="management_enemy_normal.h">
      <Filter>29_Enemy</Filter>
    </ClInclude>
    <ClInclude Include="management_enemy_public.h">
      <Filter>29_Enemy</Filter>
    </ClInclude>
    <ClInclude Include="management_enemy_stop.h">
      <Filter>29_Enemy</Filter>
    </ClInclude>
    <ClInclude Include="management_explosion.h">
      <Filter>29_Enemy</Filter>
    </ClInclude>
    <ClInclude Include="management_item.h">
      <Filter>29_Enemy</Filter>
    </ClInclude>
    <ClInclude Include="management_meteo.h">
      <Filter>29_Enemy</Filter>
    </ClInclude>
    <ClInclude Include="stage_saturn.h">
      <Filter>05_Saturn</Filter>
    </ClInclude>
    <ClInclude Include="stage_mercury.h">
      <Filter>04_Mercury</Filter>
    </ClInclude>
    <ClInclude Include="stage_mars.h">
      <Filter>03_Mars</Filter>
    </ClInclude>
    <ClInclude Include="game.h">
      <Filter>02_Moon</Filter>
    </ClInclude>
    <ClInclude Include="title_score.h">
      <Filter>01_Title</Filter>
    </ClInclude>
    <ClInclude Include="title.h">
      <Filter>01_Title</Filter>
    </ClInclude>
    <ClInclude Include="resource.h">
      <Filter>99_%3f</Filter>
    </ClInclude>
    <ClInclude Include="result.h">
      <Filter>20_Result</Filter>
    </ClInclude>
    <ClInclude Include="text_management.h">
      <Filter>02_Moon</Filter>
    </ClInclude>
    <ClInclude Include="stage_select_planet_make.h">
      <Filter>01_Title</Filter>
    </ClInclude>
    <ClInclude Include="stage_select.h">
      <Filter>01_Title</Filter>
    </ClInclude>
    <ClInclude Include="stage_select_mars.h">
      <Filter>01_Title</Filter>
    </ClInclude>
    <ClInclude Include="stage_select_planet.h">
      <Filter>01_Title</Filter>
    </ClInclude>
    <ClInclude Include="ui.h">
      <Filter>30_Multi</Filter>
    </ClInclude>
    <ClInclude Include="renderer.h">
      <Filter>30_Multi</Filter>
    </ClInclude>
    <ClInclude Include="scene.h">
      <Filter>30_Multi</Filter>
    </ClInclude>
    <ClInclude Include="score.h">
      <Filter>30_Multi</Filter>
    </ClInclude>
    <ClInclude Include="screen_out.h">
      <Filter>30_Multi</Filter>
    </ClInclude>
    <ClInclude Include="sound.h">
      <Filter>30_Multi</Filter>
    </ClInclude>
    <ClInclude Include="sprite.h">
      <Filter>30_Multi</Filter>
    </ClInclude>
    <ClInclude Include="texture.h">
      <Filter>30_Multi</Filter>
    </ClInclude>
    <ClInclude Include="texture_useful.h">
      <Filter>30_Multi</Filter>
    </ClInclude>
    <ClInclude Include="keyboard.h">
      <Filter>30_Multi</Filter>
    </ClInclude>
    <ClInclude Include="draw_object.h">
      <Filter>30_Multi</Filter>
    </ClInclude>
    <ClInclude Include="explosion.h">
      <Filter>30_Multi</Filter>
    </ClInclude>
    <ClInclude Include="Fade.h">
      <Filter>30_Multi</Filter>
    </ClInclude>
    <ClInclude Include="game_object.h">
      <Filter>30_Multi</Filter>
    </ClInclude>
    <ClInclude Include="input.h">
      <Filter>30_Multi</Filter>
    </ClInclude>
    <ClInclude Include="inputx.h">
      <Filter>30_Multi</Filter>
    </ClInclude>
    <ClInclude Include="item_p.h">
      <Filter>30_Multi</Filter>
    </ClInclude>
    <ClInclude Include="mars_gimmick.h">
      <Filter>03_Mars</Filter>
    </ClInclude>
    <ClInclude Include="mars_collision_all.h">
      <Filter>03_Mars</Filter>
    </ClInclude>
    <ClInclude Include="player_right.h">
      <Filter>28_Player</Filter>
    </ClInclude>
    <ClInclude Include="player.h">
      <Filter>28_Player</Filter>
    </ClInclude>
    <ClInclude Include="player_arm_1.h">
      <Filter>28_Player</Filter>
    </ClInclude>
    <ClInclude Include="player_arm_2.h">
      <Filter>28_Player</Filter>
    </ClInclude>
    <ClInclude Include="player_arm_3.h">
      <Filter>28_Player</Filter>
    </ClInclude>
    <ClInclude Include="player_arm_barrier.h">
      <Filter>28_Player</Filter>
    </ClInclude>
    <ClInclude Include="player_arm_change.h">
      <Filter>28_Player</Filter>
    </ClInclude>
    <ClInclude Include="player_arm_grenade.h">
      <Filter>28_Player</Filter>
    </ClInclude>
    <ClInclude Include="player_arm_icerain.h">
      <Filter>28_Player</Filter>
    </ClInclude>
    <ClInclude Include="player_arm_stop.h">
      <Filter>28_Player</Filter>
    </ClInclude>
    <ClInclude Include="player_center.h">
      <Filter>28_Player</Filter>
    </ClInclude>
    <ClInclude Include="player_hp.h">
      <Filter>28_Player</Filter>
    </ClInclude>
    <ClInclude Include="player_left.h">
      <Filter>28_Player</Filter>
    </ClInclude>
    <ClInclude Include="bg.h">
      <Filter>30_Multi</Filter>
    </ClInclude>
    <ClInclude Include="bg_planet.h">
      <Filter>30_Multi</Filter>
    </ClInclude>
    <ClInclude Include="Bom.h">
      <Filter>30_Multi</Filter>
    </ClInclude>
    <ClInclude Include="collision.h">
      <Filter>30_Multi</Filter>
    </ClInclude>
    <ClInclude Include="meteo.h">
      <Filter>29_Enemy</Filter>
    </ClInclude>
    <ClInclude Include="number.h">
      <Filter>30_Multi</Filter>
    </ClInclude>
    <ClInclude Include="main.h">
      <Filter>30_Multi</Filter>
    </ClInclude>
    <ClInclude Include="collision_all.h">
      <Filter>02_Moon</Filter>
    </ClInclude>
    <ClInclude Include="stage_venus.h">
      <Filter>06_Venus</Filter>
    </ClInclude>
    <ClInclude Include="management_enemy_fireball.h">
      <Filter>29_Enemy</Filter>
    </ClInclude>
    <ClInclude Include="inh_stage.h">
      <Filter>30_Multi</Filter>
    </ClInclude>
    <ClInclude Include="inh_player_arm.h">
      <Filter>28_Player</Filter>
    </ClInclude>
    <ClInclude Include="inh_player_arm_both.h">
      <Filter>28_Player</Filter>
    </ClInclude>
    <ClInclude Include="inh_enemy.h">
      <Filter>29_Enemy</Filter>
    </ClInclude>
    <ClInclude Include="laser.h">
      <Filter>29_Enemy</Filter>
    </ClInclude>
    <ClInclude Include="boss.h">
      <Filter>29_Enemy</Filter>
    </ClInclude>
    <ClInclude Include="bullet.h">
      <Filter>29_Enemy</Filter>
    </ClInclude>
    <ClInclude Include="bullet_stop.h">
      <Filter>29_Enemy</Filter>
    </ClInclude>
    <ClInclude Include="management_poisonfield.h" />
    <ClInclude Include="poisonfield.h" />
  </ItemGroup>
  <ItemGroup>
    <Filter Include="01_Title">
      <UniqueIdentifier>{a3d6a1ab-2727-457a-b56f-ed4a56bab590}</UniqueIdentifier>
    </Filter>
    <Filter Include="02_Moon">
      <UniqueIdentifier>{e6cd2380-6f08-4887-a7a8-bea94208d9a5}</UniqueIdentifier>
    </Filter>
    <Filter Include="03_Mars">
      <UniqueIdentifier>{2c006ee3-68bf-47f6-ba46-024f92fd56e9}</UniqueIdentifier>
    </Filter>
    <Filter Include="04_Mercury">
      <UniqueIdentifier>{d51cd921-94ce-4d7e-992c-02604fcbc1c6}</UniqueIdentifier>
    </Filter>
    <Filter Include="05_Saturn">
      <UniqueIdentifier>{c159caa7-3859-4375-a0b5-04827fc56814}</UniqueIdentifier>
    </Filter>
    <Filter Include="20_Result">
      <UniqueIdentifier>{a605dfa9-61b6-4d93-ad93-84c8f0712d25}</UniqueIdentifier>
    </Filter>
    <Filter Include="30_Multi">
      <UniqueIdentifier>{9acae1e2-b920-43d5-9daf-3665e1f8c7cb}</UniqueIdentifier>
    </Filter>
    <Filter Include="99_%3f">
      <UniqueIdentifier>{60564f08-6a99-46b2-9bf1-1c0687b4ba0a}</UniqueIdentifier>
    </Filter>
    <Filter Include="29_Enemy">
      <UniqueIdentifier>{036f2cfc-6af3-4eab-ae8c-cb825eafd29e}</UniqueIdentifier>
    </Filter>
    <Filter Include="28_Player">
      <UniqueIdentifier>{fabc2407-9ce7-4e98-8ce6-1a1f4cc61987}</UniqueIdentifier>
    </Filter>
    <Filter Include="06_Venus">
      <UniqueIdentifier>{3b82c351-66bc-4e48-8525-78e192d02b62}</UniqueIdentifier>
    </Filter>
  </ItemGroup>
  <ItemGroup>
    <ResourceCompile Include="sample.rc">
      <Filter>99_%3f</Filter>
    </ResourceCompile>
  </ItemGroup>
</Project>