
Microsoft Visual Studio Solution File, Format Version 12.00
# Visual Studio 15
VisualStudioVersion = 15.0.28307.2092
MinimumVisualStudioVersion = 10.0.40219.1
Project("{8BC9CEB8-8B4A-11D0-8D11-00A0C91BC942}") = "Hew2022_20221018", "Hew2022_20221018.vcxproj", "{B3B6F3F8-138F-4845-8B59-109A436B7CC2}"
EndProject
Global
	GlobalSection(SolutionConfigurationPlatforms) = preSolution
		Debug|x64 = Debug|x64
		Debug|x86 = Debug|x86
		Release|x64 = Release|x64
		Release|x86 = Release|x86
	EndGlobalSection
	GlobalSection(ProjectConfigurationPlatforms) = postSolution
		{B3B6F3F8-138F-4845-8B59-109A436B7CC2}.Debug|x64.ActiveCfg = Debug|x64
		{B3B6F3F8-138F-4845-8B59-109A436B7CC2}.Debug|x64.Build.0 = Debug|x64
		{B3B6F3F8-138F-4845-8B59-109A436B7CC2}.Debug|x86.ActiveCfg = Debug|Win32
		{B3B6F3F8-138F-4845-8B59-109A436B7CC2}.Debug|x86.Build.0 = Debug|Win32
		{B3B6F3F8-138F-4845-8B59-109A436B7CC2}.Release|x64.ActiveCfg = Release|x64
		{B3B6F3F8-138F-4845-8B59-109A436B7CC2}.Release|x64.Build.0 = Release|x64
		{B3B6F3F8-138F-4845-8B59-109A436B7CC2}.Release|x86.ActiveCfg = Release|Win32
		{B3B6F3F8-138F-4845-8B59-109A436B7CC2}.Release|x86.Build.0 = Release|Win32
	EndGlobalSection
	GlobalSection(SolutionProperties) = preSolution
		HideSolutionNode = FALSE
	EndGlobalSection
	GlobalSection(ExtensibilityGlobals) = postSolution
		SolutionGuid = {981BE23D-D74D-4B27-82D8-0B74F296E0E5}
	EndGlobalSection
EndGlobal
